// !$*UTF8*$!
{
	archiveVersion = 1;
	classes = {
	};
	objectVersion = 55;
	objects = {

/* Begin PBXBuildFile section */
		CE220CDC2870778400D25C8C /* AllProductsView.swift in Sources */ = {isa = PBXBuildFile; fileRef = CE220CDB2870778400D25C8C /* AllProductsView.swift */; };
		CE220CDE2870779800D25C8C /* FavoritesView.swift in Sources */ = {isa = PBXBuildFile; fileRef = CE220CDD2870779800D25C8C /* FavoritesView.swift */; };
		CE220CE1287077CD00D25C8C /* ContentView.swift in Sources */ = {isa = PBXBuildFile; fileRef = CE220CE0287077CD00D25C8C /* ContentView.swift */; };
		CE24632F285FBEFF000B7F66 /* MaybellineApp.swift in Sources */ = {isa = PBXBuildFile; fileRef = CE24632E285FBEFF000B7F66 /* MaybellineApp.swift */; };
		CE246331285FBEFF000B7F66 /* StarterView.swift in Sources */ = {isa = PBXBuildFile; fileRef = CE246330285FBEFF000B7F66 /* StarterView.swift */; };
		CE246333285FBF02000B7F66 /* Assets.xcassets in Resources */ = {isa = PBXBuildFile; fileRef = CE246332285FBF02000B7F66 /* Assets.xcassets */; };
		CE246336285FBF02000B7F66 /* Preview Assets.xcassets in Resources */ = {isa = PBXBuildFile; fileRef = CE246335285FBF02000B7F66 /* Preview Assets.xcassets */; };
		CE24633E285FBF66000B7F66 /* Maybelline.swift in Sources */ = {isa = PBXBuildFile; fileRef = CE24633D285FBF66000B7F66 /* Maybelline.swift */; };
		CE246341285FC4D0000B7F66 /* NetworkManager.swift in Sources */ = {isa = PBXBuildFile; fileRef = CE246340285FC4D0000B7F66 /* NetworkManager.swift */; };
		CE4D982428649A7500504F10 /* StarterViewModel.swift in Sources */ = {isa = PBXBuildFile; fileRef = CE4D982328649A7500504F10 /* StarterViewModel.swift */; };
		CEA0A3842863BAAA007EFBC9 /* ProductView.swift in Sources */ = {isa = PBXBuildFile; fileRef = CEA0A3832863BAAA007EFBC9 /* ProductView.swift */; };
		CEB5164E286F34C9005DBD28 /* DetailsViewModel.swift in Sources */ = {isa = PBXBuildFile; fileRef = CEB5164D286F34C9005DBD28 /* DetailsViewModel.swift */; };
/* End PBXBuildFile section */

/* Begin PBXFileReference section */
		CE220CDB2870778400D25C8C /* AllProductsView.swift */ = {isa = PBXFileReference; lastKnownFileType = sourcecode.swift; path = AllProductsView.swift; sourceTree = "<group>"; };
		CE220CDD2870779800D25C8C /* FavoritesView.swift */ = {isa = PBXFileReference; lastKnownFileType = sourcecode.swift; path = FavoritesView.swift; sourceTree = "<group>"; };
		CE220CE0287077CD00D25C8C /* ContentView.swift */ = {isa = PBXFileReference; lastKnownFileType = sourcecode.swift; path = ContentView.swift; sourceTree = "<group>"; };
		CE24632B285FBEFF000B7F66 /* Maybelline on Well.ca.app */ = {isa = PBXFileReference; explicitFileType = wrapper.application; includeInIndex = 0; path = "Maybelline on Well.ca.app"; sourceTree = BUILT_PRODUCTS_DIR; };
		CE24632E285FBEFF000B7F66 /* MaybellineApp.swift */ = {isa = PBXFileReference; lastKnownFileType = sourcecode.swift; path = MaybellineApp.swift; sourceTree = "<group>"; };
		CE246330285FBEFF000B7F66 /* StarterView.swift */ = {isa = PBXFileReference; lastKnownFileType = sourcecode.swift; path = StarterView.swift; sourceTree = "<group>"; };
		CE246332285FBF02000B7F66 /* Assets.xcassets */ = {isa = PBXFileReference; lastKnownFileType = folder.assetcatalog; path = Assets.xcassets; sourceTree = "<group>"; };
		CE246335285FBF02000B7F66 /* Preview Assets.xcassets */ = {isa = PBXFileReference; lastKnownFileType = folder.assetcatalog; path = "Preview Assets.xcassets"; sourceTree = "<group>"; };
		CE24633D285FBF66000B7F66 /* Maybelline.swift */ = {isa = PBXFileReference; lastKnownFileType = sourcecode.swift; path = Maybelline.swift; sourceTree = "<group>"; };
		CE246340285FC4D0000B7F66 /* NetworkManager.swift */ = {isa = PBXFileReference; lastKnownFileType = sourcecode.swift; path = NetworkManager.swift; sourceTree = "<group>"; };
		CE4D982328649A7500504F10 /* StarterViewModel.swift */ = {isa = PBXFileReference; lastKnownFileType = sourcecode.swift; path = StarterViewModel.swift; sourceTree = "<group>"; };
		CEA0A3832863BAAA007EFBC9 /* ProductView.swift */ = {isa = PBXFileReference; lastKnownFileType = sourcecode.swift; path = ProductView.swift; sourceTree = "<group>"; };
		CEB5164D286F34C9005DBD28 /* DetailsViewModel.swift */ = {isa = PBXFileReference; lastKnownFileType = sourcecode.swift; path = DetailsViewModel.swift; sourceTree = "<group>"; };
/* End PBXFileReference section */

/* Begin PBXFrameworksBuildPhase section */
		CE246328285FBEFF000B7F66 /* Frameworks */ = {
			isa = PBXFrameworksBuildPhase;
			buildActionMask = 2147483647;
			files = (
			);
			runOnlyForDeploymentPostprocessing = 0;
		};
/* End PBXFrameworksBuildPhase section */

/* Begin PBXGroup section */
		CE246322285FBEFF000B7F66 = {
			isa = PBXGroup;
			children = (
				CE24632E285FBEFF000B7F66 /* MaybellineApp.swift */,
				CE246332285FBF02000B7F66 /* Assets.xcassets */,
				CE246334285FBF02000B7F66 /* Preview Content */,
				CE4D98222864998300504F10 /* ViewModels */,
				CE24633F285FC4A6000B7F66 /* Services */,
				CE24633C285FBF3E000B7F66 /* Models */,
				CE24632D285FBEFF000B7F66 /* Views */,
				CE24632C285FBEFF000B7F66 /* Products */,
			);
			sourceTree = "<group>";
		};
		CE24632C285FBEFF000B7F66 /* Products */ = {
			isa = PBXGroup;
			children = (
				CE24632B285FBEFF000B7F66 /* Maybelline on Well.ca.app */,
			);
			name = Products;
			sourceTree = "<group>";
		};
		CE24632D285FBEFF000B7F66 /* Views */ = {
			isa = PBXGroup;
			children = (
				CE220CE0287077CD00D25C8C /* ContentView.swift */,
				CE246330285FBEFF000B7F66 /* StarterView.swift */,
				CE220CDB2870778400D25C8C /* AllProductsView.swift */,
				CE220CDD2870779800D25C8C /* FavoritesView.swift */,
				CEA0A3832863BAAA007EFBC9 /* ProductView.swift */,
			);
			path = Views;
			sourceTree = "<group>";
		};
		CE246334285FBF02000B7F66 /* Preview Content */ = {
			isa = PBXGroup;
			children = (
				CE246335285FBF02000B7F66 /* Preview Assets.xcassets */,
			);
			path = "Preview Content";
			sourceTree = "<group>";
		};
		CE24633C285FBF3E000B7F66 /* Models */ = {
			isa = PBXGroup;
			children = (
				CE24633D285FBF66000B7F66 /* Maybelline.swift */,
			);
			path = Models;
			sourceTree = "<group>";
		};
		CE24633F285FC4A6000B7F66 /* Services */ = {
			isa = PBXGroup;
			children = (
				CE246340285FC4D0000B7F66 /* NetworkManager.swift */,
			);
			path = Services;
			sourceTree = "<group>";
		};
		CE4D98222864998300504F10 /* ViewModels */ = {
			isa = PBXGroup;
			children = (
				CE4D982328649A7500504F10 /* StarterViewModel.swift */,
				CEB5164D286F34C9005DBD28 /* DetailsViewModel.swift */,
			);
			path = ViewModels;
			sourceTree = "<group>";
		};
/* End PBXGroup section */

/* Begin PBXNativeTarget section */
		CE24632A285FBEFF000B7F66 /* Maybelline */ = {
			isa = PBXNativeTarget;
			buildConfigurationList = CE246339285FBF02000B7F66 /* Build configuration list for PBXNativeTarget "Maybelline" */;
			buildPhases = (
				CE246327285FBEFF000B7F66 /* Sources */,
				CE246328285FBEFF000B7F66 /* Frameworks */,
				CE246329285FBEFF000B7F66 /* Resources */,
			);
			buildRules = (
			);
			dependencies = (
			);
			name = Maybelline;
			packageProductDependencies = (
			);
			productName = Maybelline;
			productReference = CE24632B285FBEFF000B7F66 /* Maybelline on Well.ca.app */;
			productType = "com.apple.product-type.application";
		};
/* End PBXNativeTarget section */

/* Begin PBXProject section */
		CE246323285FBEFF000B7F66 /* Project object */ = {
			isa = PBXProject;
			attributes = {
				BuildIndependentTargetsInParallel = 1;
				LastSwiftUpdateCheck = 1340;
				LastUpgradeCheck = 1340;
				TargetAttributes = {
					CE24632A285FBEFF000B7F66 = {
						CreatedOnToolsVersion = 13.4;
					};
				};
			};
			buildConfigurationList = CE246326285FBEFF000B7F66 /* Build configuration list for PBXProject "Maybelline" */;
			compatibilityVersion = "Xcode 13.0";
			developmentRegion = en;
			hasScannedForEncodings = 0;
			knownRegions = (
				en,
				Base,
			);
			mainGroup = CE246322285FBEFF000B7F66;
			packageReferences = (
			);
			productRefGroup = CE24632C285FBEFF000B7F66 /* Products */;
			projectDirPath = "";
			projectRoot = "";
			targets = (
				CE24632A285FBEFF000B7F66 /* Maybelline */,
			);
		};
/* End PBXProject section */

/* Begin PBXResourcesBuildPhase section */
		CE246329285FBEFF000B7F66 /* Resources */ = {
			isa = PBXResourcesBuildPhase;
			buildActionMask = 2147483647;
			files = (
				CE246336285FBF02000B7F66 /* Preview Assets.xcassets in Resources */,
				CE246333285FBF02000B7F66 /* Assets.xcassets in Resources */,
			);
			runOnlyForDeploymentPostprocessing = 0;
		};
/* End PBXResourcesBuildPhase section */

/* Begin PBXSourcesBuildPhase section */
		CE246327285FBEFF000B7F66 /* Sources */ = {
			isa = PBXSourcesBuildPhase;
			buildActionMask = 2147483647;
			files = (
				CE220CDC2870778400D25C8C /* AllProductsView.swift in Sources */,
				CEA0A3842863BAAA007EFBC9 /* ProductView.swift in Sources */,
				CE246341285FC4D0000B7F66 /* NetworkManager.swift in Sources */,
				CE246331285FBEFF000B7F66 /* StarterView.swift in Sources */,
				CE24633E285FBF66000B7F66 /* Maybelline.swift in Sources */,
				CEB5164E286F34C9005DBD28 /* DetailsViewModel.swift in Sources */,
				CE220CE1287077CD00D25C8C /* ContentView.swift in Sources */,
				CE4D982428649A7500504F10 /* StarterViewModel.swift in Sources */,
				CE24632F285FBEFF000B7F66 /* MaybellineApp.swift in Sources */,
				CE220CDE2870779800D25C8C /* FavoritesView.swift in Sources */,
			);
			runOnlyForDeploymentPostprocessing = 0;
		};
/* End PBXSourcesBuildPhase section */

/* Begin XCBuildConfiguration section */
		CE246337285FBF02000B7F66 /* Debug */ = {
			isa = XCBuildConfiguration;
			buildSettings = {
				ALWAYS_SEARCH_USER_PATHS = NO;
				CLANG_ANALYZER_NONNULL = YES;
				CLANG_ANALYZER_NUMBER_OBJECT_CONVERSION = YES_AGGRESSIVE;
				CLANG_CXX_LANGUAGE_STANDARD = "gnu++17";
				CLANG_ENABLE_MODULES = YES;
				CLANG_ENABLE_OBJC_ARC = YES;
				CLANG_ENABLE_OBJC_WEAK = YES;
				CLANG_WARN_BLOCK_CAPTURE_AUTORELEASING = YES;
				CLANG_WARN_BOOL_CONVERSION = YES;
				CLANG_WARN_COMMA = YES;
				CLANG_WARN_CONSTANT_CONVERSION = YES;
				CLANG_WARN_DEPRECATED_OBJC_IMPLEMENTATIONS = YES;
				CLANG_WARN_DIRECT_OBJC_ISA_USAGE = YES_ERROR;
				CLANG_WARN_DOCUMENTATION_COMMENTS = YES;
				CLANG_WARN_EMPTY_BODY = YES;
				CLANG_WARN_ENUM_CONVERSION = YES;
				CLANG_WARN_INFINITE_RECURSION = YES;
				CLANG_WARN_INT_CONVERSION = YES;
				CLANG_WARN_NON_LITERAL_NULL_CONVERSION = YES;
				CLANG_WARN_OBJC_IMPLICIT_RETAIN_SELF = YES;
				CLANG_WARN_OBJC_LITERAL_CONVERSION = YES;
				CLANG_WARN_OBJC_ROOT_CLASS = YES_ERROR;
				CLANG_WARN_QUOTED_INCLUDE_IN_FRAMEWORK_HEADER = YES;
				CLANG_WARN_RANGE_LOOP_ANALYSIS = YES;
				CLANG_WARN_STRICT_PROTOTYPES = YES;
				CLANG_WARN_SUSPICIOUS_MOVE = YES;
				CLANG_WARN_UNGUARDED_AVAILABILITY = YES_AGGRESSIVE;
				CLANG_WARN_UNREACHABLE_CODE = YES;
				CLANG_WARN__DUPLICATE_METHOD_MATCH = YES;
				COPY_PHASE_STRIP = NO;
				DEBUG_INFORMATION_FORMAT = dwarf;
				ENABLE_STRICT_OBJC_MSGSEND = YES;
				ENABLE_TESTABILITY = YES;
				GCC_C_LANGUAGE_STANDARD = gnu11;
				GCC_DYNAMIC_NO_PIC = NO;
				GCC_NO_COMMON_BLOCKS = YES;
				GCC_OPTIMIZATION_LEVEL = 0;
				GCC_PREPROCESSOR_DEFINITIONS = (
					"DEBUG=1",
					"$(inherited)",
				);
				GCC_WARN_64_TO_32_BIT_CONVERSION = YES;
				GCC_WARN_ABOUT_RETURN_TYPE = YES_ERROR;
				GCC_WARN_UNDECLARED_SELECTOR = YES;
				GCC_WARN_UNINITIALIZED_AUTOS = YES_AGGRESSIVE;
				GCC_WARN_UNUSED_FUNCTION = YES;
				GCC_WARN_UNUSED_VARIABLE = YES;
				IPHONEOS_DEPLOYMENT_TARGET = 15.5;
				MTL_ENABLE_DEBUG_INFO = INCLUDE_SOURCE;
				MTL_FAST_MATH = YES;
				ONLY_ACTIVE_ARCH = YES;
				SDKROOT = iphoneos;
				SWIFT_ACTIVE_COMPILATION_CONDITIONS = DEBUG;
				SWIFT_OPTIMIZATION_LEVEL = "-Onone";
			};
			name = Debug;
		};
		CE246338285FBF02000B7F66 /* Release */ = {
			isa = XCBuildConfiguration;
			buildSettings = {
				ALWAYS_SEARCH_USER_PATHS = NO;
				CLANG_ANALYZER_NONNULL = YES;
				CLANG_ANALYZER_NUMBER_OBJECT_CONVERSION = YES_AGGRESSIVE;
				CLANG_CXX_LANGUAGE_STANDARD = "gnu++17";
				CLANG_ENABLE_MODULES = YES;
				CLANG_ENABLE_OBJC_ARC = YES;
				CLANG_ENABLE_OBJC_WEAK = YES;
				CLANG_WARN_BLOCK_CAPTURE_AUTORELEASING = YES;
				CLANG_WARN_BOOL_CONVERSION = YES;
				CLANG_WARN_COMMA = YES;
				CLANG_WARN_CONSTANT_CONVERSION = YES;
				CLANG_WARN_DEPRECATED_OBJC_IMPLEMENTATIONS = YES;
				CLANG_WARN_DIRECT_OBJC_ISA_USAGE = YES_ERROR;
				CLANG_WARN_DOCUMENTATION_COMMENTS = YES;
				CLANG_WARN_EMPTY_BODY = YES;
				CLANG_WARN_ENUM_CONVERSION = YES;
				CLANG_WARN_INFINITE_RECURSION = YES;
				CLANG_WARN_INT_CONVERSION = YES;
				CLANG_WARN_NON_LITERAL_NULL_CONVERSION = YES;
				CLANG_WARN_OBJC_IMPLICIT_RETAIN_SELF = YES;
				CLANG_WARN_OBJC_LITERAL_CONVERSION = YES;
				CLANG_WARN_OBJC_ROOT_CLASS = YES_ERROR;
				CLANG_WARN_QUOTED_INCLUDE_IN_FRAMEWORK_HEADER = YES;
				CLANG_WARN_RANGE_LOOP_ANALYSIS = YES;
				CLANG_WARN_STRICT_PROTOTYPES = YES;
				CLANG_WARN_SUSPICIOUS_MOVE = YES;
				CLANG_WARN_UNGUARDED_AVAILABILITY = YES_AGGRESSIVE;
				CLANG_WARN_UNREACHABLE_CODE = YES;
				CLANG_WARN__DUPLICATE_METHOD_MATCH = YES;
				COPY_PHASE_STRIP = NO;
				DEBUG_INFORMATION_FORMAT = "dwarf-with-dsym";
				ENABLE_NS_ASSERTIONS = NO;
				ENABLE_STRICT_OBJC_MSGSEND = YES;
				GCC_C_LANGUAGE_STANDARD = gnu11;
				GCC_NO_COMMON_BLOCKS = YES;
				GCC_WARN_64_TO_32_BIT_CONVERSION = YES;
				GCC_WARN_ABOUT_RETURN_TYPE = YES_ERROR;
				GCC_WARN_UNDECLARED_SELECTOR = YES;
				GCC_WARN_UNINITIALIZED_AUTOS = YES_AGGRESSIVE;
				GCC_WARN_UNUSED_FUNCTION = YES;
				GCC_WARN_UNUSED_VARIABLE = YES;
				IPHONEOS_DEPLOYMENT_TARGET = 15.5;
				MTL_ENABLE_DEBUG_INFO = NO;
				MTL_FAST_MATH = YES;
				SDKROOT = iphoneos;
				SWIFT_COMPILATION_MODE = wholemodule;
				SWIFT_OPTIMIZATION_LEVEL = "-O";
				VALIDATE_PRODUCT = YES;
			};
			name = Release;
		};
		CE24633A285FBF02000B7F66 /* Debug */ = {
			isa = XCBuildConfiguration;
			buildSettings = {
				ASSETCATALOG_COMPILER_APPICON_NAME = AppIcon;
				ASSETCATALOG_COMPILER_GLOBAL_ACCENT_COLOR_NAME = AccentColor;
				CODE_SIGN_STYLE = Automatic;
				CURRENT_PROJECT_VERSION = 1;
				DEVELOPMENT_ASSET_PATHS = "\"Preview Content\"";
				DEVELOPMENT_TEAM = DTSRHZ7G5C;
				ENABLE_PREVIEWS = YES;
				GENERATE_INFOPLIST_FILE = YES;
				INFOPLIST_KEY_UIApplicationSceneManifest_Generation = YES;
				INFOPLIST_KEY_UIApplicationSupportsIndirectInputEvents = YES;
				INFOPLIST_KEY_UILaunchScreen_Generation = YES;
				INFOPLIST_KEY_UISupportedInterfaceOrientations = UIInterfaceOrientationPortrait;
				INFOPLIST_KEY_UISupportedInterfaceOrientations_iPad = "UIInterfaceOrientationPortrait UIInterfaceOrientationPortraitUpsideDown UIInterfaceOrientationLandscapeLeft UIInterfaceOrientationLandscapeRight";
				INFOPLIST_KEY_UISupportedInterfaceOrientations_iPhone = "UIInterfaceOrientationPortrait UIInterfaceOrientationLandscapeLeft UIInterfaceOrientationLandscapeRight";
				LD_RUNPATH_SEARCH_PATHS = (
					"$(inherited)",
					"@executable_path/Frameworks",
				);
				MARKETING_VERSION = 1.0;
				PRODUCT_BUNDLE_IDENTIFIER = DreamToBeADev.Maybelline;
				PRODUCT_NAME = "Maybelline on Well.ca";
				SWIFT_EMIT_LOC_STRINGS = YES;
				SWIFT_VERSION = 5.0;
				TARGETED_DEVICE_FAMILY = 1;
			};
			name = Debug;
		};
		CE24633B285FBF02000B7F66 /* Release */ = {
			isa = XCBuildConfiguration;
			buildSettings = {
				ASSETCATALOG_COMPILER_APPICON_NAME = AppIcon;
				ASSETCATALOG_COMPILER_GLOBAL_ACCENT_COLOR_NAME = AccentColor;
				CODE_SIGN_STYLE = Automatic;
				CURRENT_PROJECT_VERSION = 1;
				DEVELOPMENT_ASSET_PATHS = "\"Preview Content\"";
				DEVELOPMENT_TEAM = DTSRHZ7G5C;
				ENABLE_PREVIEWS = YES;
				GENERATE_INFOPLIST_FILE = YES;
				INFOPLIST_KEY_UIApplicationSceneManifest_Generation = YES;
				INFOPLIST_KEY_UIApplicationSupportsIndirectInputEvents = YES;
				INFOPLIST_KEY_UILaunchScreen_Generation = YES;
				INFOPLIST_KEY_UISupportedInterfaceOrientations = UIInterfaceOrientationPortrait;
				INFOPLIST_KEY_UISupportedInterfaceOrientations_iPad = "UIInterfaceOrientationPortrait UIInterfaceOrientationPortraitUpsideDown UIInterfaceOrientationLandscapeLeft UIInterfaceOrientationLandscapeRight";
				INFOPLIST_KEY_UISupportedInterfaceOrientations_iPhone = "UIInterfaceOrientationPortrait UIInterfaceOrientationLandscapeLeft UIInterfaceOrientationLandscapeRight";
				LD_RUNPATH_SEARCH_PATHS = (
					"$(inherited)",
					"@executable_path/Frameworks",
				);
				MARKETING_VERSION = 1.0;
				PRODUCT_BUNDLE_IDENTIFIER = DreamToBeADev.Maybelline;
				PRODUCT_NAME = "Maybelline on Well.ca";
				SWIFT_EMIT_LOC_STRINGS = YES;
				SWIFT_VERSION = 5.0;
				TARGETED_DEVICE_FAMILY = 1;
			};
			name = Release;
		};
/* End XCBuildConfiguration section */

/* Begin XCConfigurationList section */
		CE246326285FBEFF000B7F66 /* Build configuration list for PBXProject "Maybelline" */ = {
			isa = XCConfigurationList;
			buildConfigurations = (
				CE246337285FBF02000B7F66 /* Debug */,
				CE246338285FBF02000B7F66 /* Release */,
			);
			defaultConfigurationIsVisible = 0;
			defaultConfigurationName = Release;
		};
		CE246339285FBF02000B7F66 /* Build configuration list for PBXNativeTarget "Maybelline" */ = {
			isa = XCConfigurationList;
			buildConfigurations = (
				CE24633A285FBF02000B7F66 /* Debug */,
				CE24633B285FBF02000B7F66 /* Release */,
			);
			defaultConfigurationIsVisible = 0;
			defaultConfigurationName = Release;
		};
/* End XCConfigurationList section */
	};
	rootObject = CE246323285FBEFF000B7F66 /* Project object */;
}
